
Microsoft Visual Studio Solution File, Format Version 12.00
# Visual Studio Version 17
VisualStudioVersion = 17.11.35222.181
MinimumVisualStudioVersion = 10.0.40219.1
Project("{8BC9CEB8-8B4A-11D0-8D11-00A0C91BC942}") = "Practical6DueWk10", "Practical6DueWk10.vcxproj", "{31B143D6-389E-423C-8E18-15285E744463}"
EndProject
Global
	GlobalSection(SolutionConfigurationPlatforms) = preSolution
		Debug|x64 = Debug|x64
		Debug|x86 = Debug|x86
		Release|x64 = Release|x64
		Release|x86 = Release|x86
	EndGlobalSection
	GlobalSection(ProjectConfigurationPlatforms) = postSolution
		{31B143D6-389E-423C-8E18-15285E744463}.Debug|x64.ActiveCfg = Debug|x64
		{31B143D6-389E-423C-8E18-15285E744463}.Debug|x64.Build.0 = Debug|x64
		{31B143D6-389E-423C-8E18-15285E744463}.Debug|x86.ActiveCfg = Debug|Win32
		{31B143D6-389E-423C-8E18-15285E744463}.Debug|x86.Build.0 = Debug|Win32
		{31B143D6-389E-423C-8E18-15285E744463}.Release|x64.ActiveCfg = Release|x64
		{31B143D6-389E-423C-8E18-15285E744463}.Release|x64.Build.0 = Release|x64
		{31B143D6-389E-423C-8E18-15285E744463}.Release|x86.ActiveCfg = Release|Win32
		{31B143D6-389E-423C-8E18-15285E744463}.Release|x86.Build.0 = Release|Win32
	EndGlobalSection
	GlobalSection(SolutionProperties) = preSolution
		HideSolutionNode = FALSE
	EndGlobalSection
	GlobalSection(ExtensibilityGlobals) = postSolution
		SolutionGuid = {588C5786-1078-4F46-A637-2D8C52508F86}
	EndGlobalSection
EndGlobal
